
Microsoft Visual Studio Solution File, Format Version 12.00
# Visual Studio Version 17
VisualStudioVersion = 17.3.32811.315
MinimumVisualStudioVersion = 10.0.40219.1
Project("{9A19103F-16F7-4668-BE54-9A1E7A4F7556}") = "KulectorDevTest", "KulectorDevTest\KulectorDevTest.csproj", "{2320C518-4AF5-43AA-A082-DA6BB21DAD0B}"
	ProjectSection(ProjectDependencies) = postProject
		{AD0DF933-66F6-44FD-8478-5A30FCC4F4E8} = {AD0DF933-66F6-44FD-8478-5A30FCC4F4E8}
	EndProjectSection
EndProject
Project("{9A19103F-16F7-4668-BE54-9A1E7A4F7556}") = "KulectorDB", "KulectorDB\KulectorDB.csproj", "{D8C02DED-FA0D-4A86-9789-D7A58A906478}"
EndProject
Project("{9A19103F-16F7-4668-BE54-9A1E7A4F7556}") = "KulectorUI", "KulectorUI\KulectorUI.csproj", "{8A856C44-635D-466A-A65E-296FAD7AA369}"
	ProjectSection(ProjectDependencies) = postProject
		{AD0DF933-66F6-44FD-8478-5A30FCC4F4E8} = {AD0DF933-66F6-44FD-8478-5A30FCC4F4E8}
	EndProjectSection
EndProject
Project("{FAE04EC0-301F-11D3-BF4B-00C04F79EFBC}") = "KulectorExternalApis", "KulectorExternalApis\KulectorExternalApis.csproj", "{AD0DF933-66F6-44FD-8478-5A30FCC4F4E8}"
	ProjectSection(ProjectDependencies) = postProject
		{D8C02DED-FA0D-4A86-9789-D7A58A906478} = {D8C02DED-FA0D-4A86-9789-D7A58A906478}
	EndProjectSection
EndProject
Global
	GlobalSection(SolutionConfigurationPlatforms) = preSolution
		Debug|Any CPU = Debug|Any CPU
		Debug|x64 = Debug|x64
		Release|Any CPU = Release|Any CPU
		Release|x64 = Release|x64
	EndGlobalSection
	GlobalSection(ProjectConfigurationPlatforms) = postSolution
		{2320C518-4AF5-43AA-A082-DA6BB21DAD0B}.Debug|Any CPU.ActiveCfg = Debug|Any CPU
		{2320C518-4AF5-43AA-A082-DA6BB21DAD0B}.Debug|Any CPU.Build.0 = Debug|Any CPU
		{2320C518-4AF5-43AA-A082-DA6BB21DAD0B}.Debug|x64.ActiveCfg = Debug|x64
		{2320C518-4AF5-43AA-A082-DA6BB21DAD0B}.Debug|x64.Build.0 = Debug|x64
		{2320C518-4AF5-43AA-A082-DA6BB21DAD0B}.Release|Any CPU.ActiveCfg = Release|Any CPU
		{2320C518-4AF5-43AA-A082-DA6BB21DAD0B}.Release|Any CPU.Build.0 = Release|Any CPU
		{2320C518-4AF5-43AA-A082-DA6BB21DAD0B}.Release|x64.ActiveCfg = Release|x64
		{2320C518-4AF5-43AA-A082-DA6BB21DAD0B}.Release|x64.Build.0 = Release|x64
		{D8C02DED-FA0D-4A86-9789-D7A58A906478}.Debug|Any CPU.ActiveCfg = Debug|Any CPU
		{D8C02DED-FA0D-4A86-9789-D7A58A906478}.Debug|Any CPU.Build.0 = Debug|Any CPU
		{D8C02DED-FA0D-4A86-9789-D7A58A906478}.Debug|x64.ActiveCfg = Debug|x64
		{D8C02DED-FA0D-4A86-9789-D7A58A906478}.Debug|x64.Build.0 = Debug|x64
		{D8C02DED-FA0D-4A86-9789-D7A58A906478}.Release|Any CPU.ActiveCfg = Release|Any CPU
		{D8C02DED-FA0D-4A86-9789-D7A58A906478}.Release|Any CPU.Build.0 = Release|Any CPU
		{D8C02DED-FA0D-4A86-9789-D7A58A906478}.Release|x64.ActiveCfg = Release|x64
		{D8C02DED-FA0D-4A86-9789-D7A58A906478}.Release|x64.Build.0 = Release|x64
		{8A856C44-635D-466A-A65E-296FAD7AA369}.Debug|Any CPU.ActiveCfg = Debug|Any CPU
		{8A856C44-635D-466A-A65E-296FAD7AA369}.Debug|Any CPU.Build.0 = Debug|Any CPU
		{8A856C44-635D-466A-A65E-296FAD7AA369}.Debug|x64.ActiveCfg = Debug|x64
		{8A856C44-635D-466A-A65E-296FAD7AA369}.Debug|x64.Build.0 = Debug|x64
		{8A856C44-635D-466A-A65E-296FAD7AA369}.Release|Any CPU.ActiveCfg = Release|Any CPU
		{8A856C44-635D-466A-A65E-296FAD7AA369}.Release|Any CPU.Build.0 = Release|Any CPU
		{8A856C44-635D-466A-A65E-296FAD7AA369}.Release|x64.ActiveCfg = Release|x64
		{8A856C44-635D-466A-A65E-296FAD7AA369}.Release|x64.Build.0 = Release|x64
		{AD0DF933-66F6-44FD-8478-5A30FCC4F4E8}.Debug|Any CPU.ActiveCfg = Debug|Any CPU
		{AD0DF933-66F6-44FD-8478-5A30FCC4F4E8}.Debug|Any CPU.Build.0 = Debug|Any CPU
		{AD0DF933-66F6-44FD-8478-5A30FCC4F4E8}.Debug|x64.ActiveCfg = Debug|Any CPU
		{AD0DF933-66F6-44FD-8478-5A30FCC4F4E8}.Debug|x64.Build.0 = Debug|Any CPU
		{AD0DF933-66F6-44FD-8478-5A30FCC4F4E8}.Release|Any CPU.ActiveCfg = Release|Any CPU
		{AD0DF933-66F6-44FD-8478-5A30FCC4F4E8}.Release|Any CPU.Build.0 = Release|Any CPU
		{AD0DF933-66F6-44FD-8478-5A30FCC4F4E8}.Release|x64.ActiveCfg = Release|Any CPU
		{AD0DF933-66F6-44FD-8478-5A30FCC4F4E8}.Release|x64.Build.0 = Release|Any CPU
	EndGlobalSection
	GlobalSection(SolutionProperties) = preSolution
		HideSolutionNode = FALSE
	EndGlobalSection
	GlobalSection(ExtensibilityGlobals) = postSolution
		SolutionGuid = {E3225D46-8B3D-4D97-8746-78FDFC3B9A27}
	EndGlobalSection
EndGlobal
